
Microsoft Visual Studio Solution File, Format Version 12.00
# Visual Studio Version 16
VisualStudioVersion = 16.0.30204.135
MinimumVisualStudioVersion = 10.0.40219.1
Project("{9A19103F-16F7-4668-BE54-9A1E7A4F7556}") = "Routine.Api", "Routine.Api.csproj", "{AD311592-3482-42A2-ADB3-B5747F4357FB}"
EndProject
Global
	GlobalSection(SolutionConfigurationPlatforms) = preSolution
		Debug|Any CPU = Debug|Any CPU
		Release|Any CPU = Release|Any CPU
	EndGlobalSection
	GlobalSection(ProjectConfigurationPlatforms) = postSolution
		{AD311592-3482-42A2-ADB3-B5747F4357FB}.Debug|Any CPU.ActiveCfg = Debug|Any CPU
		{AD311592-3482-42A2-ADB3-B5747F4357FB}.Debug|Any CPU.Build.0 = Debug|Any CPU
		{AD311592-3482-42A2-ADB3-B5747F4357FB}.Release|Any CPU.ActiveCfg = Release|Any CPU
		{AD311592-3482-42A2-ADB3-B5747F4357FB}.Release|Any CPU.Build.0 = Release|Any CPU
	EndGlobalSection
	GlobalSection(SolutionProperties) = preSolution
		HideSolutionNode = FALSE
	EndGlobalSection
	GlobalSection(ExtensibilityGlobals) = postSolution
		SolutionGuid = {16758843-52E8-490C-ACDA-2D67658B6A6B}
	EndGlobalSection
EndGlobal
